
Microsoft Visual Studio Solution File, Format Version 12.00
# Visual Studio 15
VisualStudioVersion = 15.0.27703.2000
MinimumVisualStudioVersion = 10.0.40219.1
Project("{8BC9CEB8-8B4A-11D0-8D11-00A0C91BC942}") = "GkCompiler", "GkCompiler\GkCompiler.vcxproj", "{8B74C3C3-1F24-4644-A80F-D77EE7459761}"
EndProject
Project("{8BC9CEB8-8B4A-11D0-8D11-00A0C91BC942}") = "FinalCodeGenerate", "FinalCodeGenerate\FinalCodeGenerate.vcxproj", "{28BED7E8-B5F8-4AF7-82EA-9F927B49DD5B}"
EndProject
Global
	GlobalSection(SolutionConfigurationPlatforms) = preSolution
		Debug|x64 = Debug|x64
		Debug|x86 = Debug|x86
		Release|x64 = Release|x64
		Release|x86 = Release|x86
	EndGlobalSection
	GlobalSection(ProjectConfigurationPlatforms) = postSolution
		{8B74C3C3-1F24-4644-A80F-D77EE7459761}.Debug|x64.ActiveCfg = Debug|x64
		{8B74C3C3-1F24-4644-A80F-D77EE7459761}.Debug|x64.Build.0 = Debug|x64
		{8B74C3C3-1F24-4644-A80F-D77EE7459761}.Debug|x86.ActiveCfg = Debug|Win32
		{8B74C3C3-1F24-4644-A80F-D77EE7459761}.Debug|x86.Build.0 = Debug|Win32
		{8B74C3C3-1F24-4644-A80F-D77EE7459761}.Release|x64.ActiveCfg = Release|x64
		{8B74C3C3-1F24-4644-A80F-D77EE7459761}.Release|x64.Build.0 = Release|x64
		{8B74C3C3-1F24-4644-A80F-D77EE7459761}.Release|x86.ActiveCfg = Release|Win32
		{8B74C3C3-1F24-4644-A80F-D77EE7459761}.Release|x86.Build.0 = Release|Win32
		{28BED7E8-B5F8-4AF7-82EA-9F927B49DD5B}.Debug|x64.ActiveCfg = Debug|x64
		{28BED7E8-B5F8-4AF7-82EA-9F927B49DD5B}.Debug|x64.Build.0 = Debug|x64
		{28BED7E8-B5F8-4AF7-82EA-9F927B49DD5B}.Debug|x86.ActiveCfg = Debug|Win32
		{28BED7E8-B5F8-4AF7-82EA-9F927B49DD5B}.Debug|x86.Build.0 = Debug|Win32
		{28BED7E8-B5F8-4AF7-82EA-9F927B49DD5B}.Release|x64.ActiveCfg = Release|x64
		{28BED7E8-B5F8-4AF7-82EA-9F927B49DD5B}.Release|x64.Build.0 = Release|x64
		{28BED7E8-B5F8-4AF7-82EA-9F927B49DD5B}.Release|x86.ActiveCfg = Release|Win32
		{28BED7E8-B5F8-4AF7-82EA-9F927B49DD5B}.Release|x86.Build.0 = Release|Win32
	EndGlobalSection
	GlobalSection(SolutionProperties) = preSolution
		HideSolutionNode = FALSE
	EndGlobalSection
	GlobalSection(ExtensibilityGlobals) = postSolution
		SolutionGuid = {60829FD9-69A6-4328-9765-1AB6A3EA11C9}
	EndGlobalSection
EndGlobal
